// !$*UTF8*$!
{
	archiveVersion = 1;
	classes = {
	};
	objectVersion = 56;
	objects = {

/* Begin PBXBuildFile section */
		103A21D5298D2B2D0000BB7B /* NSObject.swift in Sources */ = {isa = PBXBuildFile; fileRef = 103A21D4298D2B2D0000BB7B /* NSObject.swift */; };
		103A21D7298D2E790000BB7B /* UIView.swift in Sources */ = {isa = PBXBuildFile; fileRef = 103A21D6298D2E790000BB7B /* UIView.swift */; };
		103A21D9298D317E0000BB7B /* SignUpVC.swift in Sources */ = {isa = PBXBuildFile; fileRef = 103A21D8298D317E0000BB7B /* SignUpVC.swift */; };
		103A21DC298D31C90000BB7B /* SignUpViewModel.swift in Sources */ = {isa = PBXBuildFile; fileRef = 103A21DB298D31C90000BB7B /* SignUpViewModel.swift */; };
		103A21DF298D329D0000BB7B /* MainTabBarController.swift in Sources */ = {isa = PBXBuildFile; fileRef = 103A21DE298D329D0000BB7B /* MainTabBarController.swift */; };
		103A21E2298D32ED0000BB7B /* ViewControllerType.swift in Sources */ = {isa = PBXBuildFile; fileRef = 103A21E1298D32ED0000BB7B /* ViewControllerType.swift */; };
		103A21E8298D34BF0000BB7B /* MembershipVC.swift in Sources */ = {isa = PBXBuildFile; fileRef = 103A21E7298D34BF0000BB7B /* MembershipVC.swift */; };
		103A21EA298D34CC0000BB7B /* StudyPlanVC.swift in Sources */ = {isa = PBXBuildFile; fileRef = 103A21E9298D34CC0000BB7B /* StudyPlanVC.swift */; };
		103A21EC298D34DC0000BB7B /* SettingsVC.swift in Sources */ = {isa = PBXBuildFile; fileRef = 103A21EB298D34DC0000BB7B /* SettingsVC.swift */; };
		103A21EE298D35210000BB7B /* MainVC.swift in Sources */ = {isa = PBXBuildFile; fileRef = 103A21ED298D35210000BB7B /* MainVC.swift */; };
		103A21F1298D35800000BB7B /* EventsVC.swift in Sources */ = {isa = PBXBuildFile; fileRef = 103A21F0298D35800000BB7B /* EventsVC.swift */; };
		103A21F4298D35C60000BB7B /* BaseVC.swift in Sources */ = {isa = PBXBuildFile; fileRef = 103A21F3298D35C60000BB7B /* BaseVC.swift */; };
		1065437C2999342900632066 /* TextFieldType.swift in Sources */ = {isa = PBXBuildFile; fileRef = 1065437B2999342900632066 /* TextFieldType.swift */; };
		10B2225B298D188E006DEDDC /* AppDelegate.swift in Sources */ = {isa = PBXBuildFile; fileRef = 10B2225A298D188E006DEDDC /* AppDelegate.swift */; };
		10B22264298D188F006DEDDC /* Assets.xcassets in Resources */ = {isa = PBXBuildFile; fileRef = 10B22263298D188F006DEDDC /* Assets.xcassets */; };
		10B22276298D1C80006DEDDC /* WelcomePage.swift in Sources */ = {isa = PBXBuildFile; fileRef = 10B22275298D1C80006DEDDC /* WelcomePage.swift */; };
		10B22279298D1CCE006DEDDC /* LoginViewModel.swift in Sources */ = {isa = PBXBuildFile; fileRef = 10B22278298D1CCE006DEDDC /* LoginViewModel.swift */; };
		10B2227B298D1CE6006DEDDC /* LoginViewController.swift in Sources */ = {isa = PBXBuildFile; fileRef = 10B2227A298D1CE6006DEDDC /* LoginViewController.swift */; };
		10B2227E298D1DCD006DEDDC /* SnapKit in Frameworks */ = {isa = PBXBuildFile; productRef = 10B2227D298D1DCD006DEDDC /* SnapKit */; };
/* End PBXBuildFile section */

/* Begin PBXFileReference section */
		103A21D4298D2B2D0000BB7B /* NSObject.swift */ = {isa = PBXFileReference; lastKnownFileType = sourcecode.swift; path = NSObject.swift; sourceTree = "<group>"; };
		103A21D6298D2E790000BB7B /* UIView.swift */ = {isa = PBXFileReference; lastKnownFileType = sourcecode.swift; path = UIView.swift; sourceTree = "<group>"; };
		103A21D8298D317E0000BB7B /* SignUpVC.swift */ = {isa = PBXFileReference; lastKnownFileType = sourcecode.swift; path = SignUpVC.swift; sourceTree = "<group>"; };
		103A21DB298D31C90000BB7B /* SignUpViewModel.swift */ = {isa = PBXFileReference; lastKnownFileType = sourcecode.swift; path = SignUpViewModel.swift; sourceTree = "<group>"; };
		103A21DE298D329D0000BB7B /* MainTabBarController.swift */ = {isa = PBXFileReference; lastKnownFileType = sourcecode.swift; path = MainTabBarController.swift; sourceTree = "<group>"; };
		103A21E1298D32ED0000BB7B /* ViewControllerType.swift */ = {isa = PBXFileReference; lastKnownFileType = sourcecode.swift; path = ViewControllerType.swift; sourceTree = "<group>"; };
		103A21E7298D34BF0000BB7B /* MembershipVC.swift */ = {isa = PBXFileReference; lastKnownFileType = sourcecode.swift; path = MembershipVC.swift; sourceTree = "<group>"; };
		103A21E9298D34CC0000BB7B /* StudyPlanVC.swift */ = {isa = PBXFileReference; lastKnownFileType = sourcecode.swift; path = StudyPlanVC.swift; sourceTree = "<group>"; };
		103A21EB298D34DC0000BB7B /* SettingsVC.swift */ = {isa = PBXFileReference; lastKnownFileType = sourcecode.swift; path = SettingsVC.swift; sourceTree = "<group>"; };
		103A21ED298D35210000BB7B /* MainVC.swift */ = {isa = PBXFileReference; lastKnownFileType = sourcecode.swift; path = MainVC.swift; sourceTree = "<group>"; };
		103A21F0298D35800000BB7B /* EventsVC.swift */ = {isa = PBXFileReference; lastKnownFileType = sourcecode.swift; path = EventsVC.swift; sourceTree = "<group>"; };
		103A21F3298D35C60000BB7B /* BaseVC.swift */ = {isa = PBXFileReference; lastKnownFileType = sourcecode.swift; path = BaseVC.swift; sourceTree = "<group>"; };
		1065437B2999342900632066 /* TextFieldType.swift */ = {isa = PBXFileReference; lastKnownFileType = sourcecode.swift; path = TextFieldType.swift; sourceTree = "<group>"; };
		10B22257298D188E006DEDDC /* G4G2.app */ = {isa = PBXFileReference; explicitFileType = wrapper.application; includeInIndex = 0; path = G4G2.app; sourceTree = BUILT_PRODUCTS_DIR; };
		10B2225A298D188E006DEDDC /* AppDelegate.swift */ = {isa = PBXFileReference; lastKnownFileType = sourcecode.swift; path = AppDelegate.swift; sourceTree = "<group>"; };
		10B22263298D188F006DEDDC /* Assets.xcassets */ = {isa = PBXFileReference; lastKnownFileType = folder.assetcatalog; path = Assets.xcassets; sourceTree = "<group>"; };
		10B22268298D188F006DEDDC /* Info.plist */ = {isa = PBXFileReference; lastKnownFileType = text.plist.xml; path = Info.plist; sourceTree = "<group>"; };
		10B22275298D1C80006DEDDC /* WelcomePage.swift */ = {isa = PBXFileReference; lastKnownFileType = sourcecode.swift; path = WelcomePage.swift; sourceTree = "<group>"; };
		10B22278298D1CCE006DEDDC /* LoginViewModel.swift */ = {isa = PBXFileReference; lastKnownFileType = sourcecode.swift; path = LoginViewModel.swift; sourceTree = "<group>"; };
		10B2227A298D1CE6006DEDDC /* LoginViewController.swift */ = {isa = PBXFileReference; lastKnownFileType = sourcecode.swift; path = LoginViewController.swift; sourceTree = "<group>"; };
/* End PBXFileReference section */

/* Begin PBXFrameworksBuildPhase section */
		10B22254298D188E006DEDDC /* Frameworks */ = {
			isa = PBXFrameworksBuildPhase;
			buildActionMask = 2147483647;
			files = (
				10B2227E298D1DCD006DEDDC /* SnapKit in Frameworks */,
			);
			runOnlyForDeploymentPostprocessing = 0;
		};
/* End PBXFrameworksBuildPhase section */

/* Begin PBXGroup section */
		103A21D3298D2B140000BB7B /* Extensions */ = {
			isa = PBXGroup;
			children = (
				103A21D4298D2B2D0000BB7B /* NSObject.swift */,
				103A21D6298D2E790000BB7B /* UIView.swift */,
			);
			path = Extensions;
			sourceTree = "<group>";
		};
		103A21DA298D31A70000BB7B /* View Model */ = {
			isa = PBXGroup;
			children = (
				103A21DB298D31C90000BB7B /* SignUpViewModel.swift */,
			);
			path = "View Model";
			sourceTree = "<group>";
		};
		103A21DD298D327A0000BB7B /* MainTabBarController */ = {
			isa = PBXGroup;
			children = (
				103A21DE298D329D0000BB7B /* MainTabBarController.swift */,
			);
			path = MainTabBarController;
			sourceTree = "<group>";
		};
		103A21E0298D32DB0000BB7B /* Enum */ = {
			isa = PBXGroup;
			children = (
				103A21E1298D32ED0000BB7B /* ViewControllerType.swift */,
				1065437B2999342900632066 /* TextFieldType.swift */,
			);
			path = Enum;
			sourceTree = "<group>";
		};
		103A21E3298D344C0000BB7B /* MainVC */ = {
			isa = PBXGroup;
			children = (
				103A21ED298D35210000BB7B /* MainVC.swift */,
			);
			path = MainVC;
			sourceTree = "<group>";
		};
		103A21E4298D34610000BB7B /* SettingsVC */ = {
			isa = PBXGroup;
			children = (
				103A21EB298D34DC0000BB7B /* SettingsVC.swift */,
			);
			path = SettingsVC;
			sourceTree = "<group>";
		};
		103A21E5298D347C0000BB7B /* StudyPlanVC */ = {
			isa = PBXGroup;
			children = (
				103A21E9298D34CC0000BB7B /* StudyPlanVC.swift */,
			);
			path = StudyPlanVC;
			sourceTree = "<group>";
		};
		103A21E6298D34A00000BB7B /* MembershipVC */ = {
			isa = PBXGroup;
			children = (
				103A21E7298D34BF0000BB7B /* MembershipVC.swift */,
			);
			path = MembershipVC;
			sourceTree = "<group>";
		};
		103A21EF298D356F0000BB7B /* EventsVC */ = {
			isa = PBXGroup;
			children = (
				103A21F0298D35800000BB7B /* EventsVC.swift */,
			);
			path = EventsVC;
			sourceTree = "<group>";
		};
		103A21F2298D35B70000BB7B /* Base */ = {
			isa = PBXGroup;
			children = (
				103A21F3298D35C60000BB7B /* BaseVC.swift */,
			);
			path = Base;
			sourceTree = "<group>";
		};
		10B2224E298D188E006DEDDC = {
			isa = PBXGroup;
			children = (
				10B22259298D188E006DEDDC /* G4G2 */,
				10B22258298D188E006DEDDC /* Products */,
			);
			sourceTree = "<group>";
		};
		10B22258298D188E006DEDDC /* Products */ = {
			isa = PBXGroup;
			children = (
				10B22257298D188E006DEDDC /* G4G2.app */,
			);
			name = Products;
			sourceTree = "<group>";
		};
		10B22259298D188E006DEDDC /* G4G2 */ = {
			isa = PBXGroup;
			children = (
				10B2226E298D1BF3006DEDDC /* Modules */,
				103A21D3298D2B140000BB7B /* Extensions */,
				10B22268298D188F006DEDDC /* Info.plist */,
			);
			path = G4G2;
			sourceTree = "<group>";
		};
		10B2226E298D1BF3006DEDDC /* Modules */ = {
			isa = PBXGroup;
			children = (
				103A21F2298D35B70000BB7B /* Base */,
				103A21EF298D356F0000BB7B /* EventsVC */,
				103A21E3298D344C0000BB7B /* MainVC */,
				103A21E6298D34A00000BB7B /* MembershipVC */,
				103A21E5298D347C0000BB7B /* StudyPlanVC */,
				103A21E4298D34610000BB7B /* SettingsVC */,
				103A21E0298D32DB0000BB7B /* Enum */,
				103A21DD298D327A0000BB7B /* MainTabBarController */,
				10B22273298D1C3B006DEDDC /* SignUp part */,
				10B22272298D1C1E006DEDDC /* SignIn part */,
				10B22271298D1C07006DEDDC /* Main part */,
				10B22274298D1C4B006DEDDC /* Resources */,
			);
			path = Modules;
			sourceTree = "<group>";
		};
		10B22271298D1C07006DEDDC /* Main part */ = {
			isa = PBXGroup;
			children = (
				10B22275298D1C80006DEDDC /* WelcomePage.swift */,
			);
			path = "Main part";
			sourceTree = "<group>";
		};
		10B22272298D1C1E006DEDDC /* SignIn part */ = {
			isa = PBXGroup;
			children = (
				10B22277298D1CB5006DEDDC /* View Model */,
				10B2227A298D1CE6006DEDDC /* LoginViewController.swift */,
			);
			path = "SignIn part";
			sourceTree = "<group>";
		};
		10B22273298D1C3B006DEDDC /* SignUp part */ = {
			isa = PBXGroup;
			children = (
				103A21DA298D31A70000BB7B /* View Model */,
				103A21D8298D317E0000BB7B /* SignUpVC.swift */,
			);
			path = "SignUp part";
			sourceTree = "<group>";
		};
		10B22274298D1C4B006DEDDC /* Resources */ = {
			isa = PBXGroup;
			children = (
				10B22263298D188F006DEDDC /* Assets.xcassets */,
				10B2225A298D188E006DEDDC /* AppDelegate.swift */,
			);
			path = Resources;
			sourceTree = "<group>";
		};
		10B22277298D1CB5006DEDDC /* View Model */ = {
			isa = PBXGroup;
			children = (
				10B22278298D1CCE006DEDDC /* LoginViewModel.swift */,
			);
			path = "View Model";
			sourceTree = "<group>";
		};
/* End PBXGroup section */

/* Begin PBXNativeTarget section */
		10B22256298D188E006DEDDC /* G4G2 */ = {
			isa = PBXNativeTarget;
			buildConfigurationList = 10B2226B298D188F006DEDDC /* Build configuration list for PBXNativeTarget "G4G2" */;
			buildPhases = (
				10B22253298D188E006DEDDC /* Sources */,
				10B22254298D188E006DEDDC /* Frameworks */,
				10B22255298D188E006DEDDC /* Resources */,
			);
			buildRules = (
			);
			dependencies = (
			);
			name = G4G2;
			packageProductDependencies = (
				10B2227D298D1DCD006DEDDC /* SnapKit */,
			);
			productName = G4G2;
			productReference = 10B22257298D188E006DEDDC /* G4G2.app */;
			productType = "com.apple.product-type.application";
		};
/* End PBXNativeTarget section */

/* Begin PBXProject section */
		10B2224F298D188E006DEDDC /* Project object */ = {
			isa = PBXProject;
			attributes = {
				BuildIndependentTargetsInParallel = 1;
				LastSwiftUpdateCheck = 1420;
				LastUpgradeCheck = 1420;
				TargetAttributes = {
					10B22256298D188E006DEDDC = {
						CreatedOnToolsVersion = 14.2;
					};
				};
			};
			buildConfigurationList = 10B22252298D188E006DEDDC /* Build configuration list for PBXProject "G4G2" */;
			compatibilityVersion = "Xcode 14.0";
			developmentRegion = en;
			hasScannedForEncodings = 0;
			knownRegions = (
				en,
				Base,
			);
			mainGroup = 10B2224E298D188E006DEDDC;
			packageReferences = (
				10B2227C298D1DCD006DEDDC /* XCRemoteSwiftPackageReference "SnapKit" */,
			);
			productRefGroup = 10B22258298D188E006DEDDC /* Products */;
			projectDirPath = "";
			projectRoot = "";
			targets = (
				10B22256298D188E006DEDDC /* G4G2 */,
			);
		};
/* End PBXProject section */

/* Begin PBXResourcesBuildPhase section */
		10B22255298D188E006DEDDC /* Resources */ = {
			isa = PBXResourcesBuildPhase;
			buildActionMask = 2147483647;
			files = (
				10B22264298D188F006DEDDC /* Assets.xcassets in Resources */,
			);
			runOnlyForDeploymentPostprocessing = 0;
		};
/* End PBXResourcesBuildPhase section */

/* Begin PBXSourcesBuildPhase section */
		10B22253298D188E006DEDDC /* Sources */ = {
			isa = PBXSourcesBuildPhase;
			buildActionMask = 2147483647;
			files = (
				1065437C2999342900632066 /* TextFieldType.swift in Sources */,
				103A21EC298D34DC0000BB7B /* SettingsVC.swift in Sources */,
				103A21EE298D35210000BB7B /* MainVC.swift in Sources */,
				103A21D9298D317E0000BB7B /* SignUpVC.swift in Sources */,
				10B2227B298D1CE6006DEDDC /* LoginViewController.swift in Sources */,
				103A21DF298D329D0000BB7B /* MainTabBarController.swift in Sources */,
				103A21DC298D31C90000BB7B /* SignUpViewModel.swift in Sources */,
				10B2225B298D188E006DEDDC /* AppDelegate.swift in Sources */,
				103A21EA298D34CC0000BB7B /* StudyPlanVC.swift in Sources */,
				103A21E8298D34BF0000BB7B /* MembershipVC.swift in Sources */,
				103A21D5298D2B2D0000BB7B /* NSObject.swift in Sources */,
				103A21E2298D32ED0000BB7B /* ViewControllerType.swift in Sources */,
				103A21F4298D35C60000BB7B /* BaseVC.swift in Sources */,
				103A21F1298D35800000BB7B /* EventsVC.swift in Sources */,
				10B22276298D1C80006DEDDC /* WelcomePage.swift in Sources */,
				103A21D7298D2E790000BB7B /* UIView.swift in Sources */,
				10B22279298D1CCE006DEDDC /* LoginViewModel.swift in Sources */,
			);
			runOnlyForDeploymentPostprocessing = 0;
		};
/* End PBXSourcesBuildPhase section */

/* Begin XCBuildConfiguration section */
		10B22269298D188F006DEDDC /* Debug */ = {
			isa = XCBuildConfiguration;
			buildSettings = {
				ALWAYS_SEARCH_USER_PATHS = NO;
				CLANG_ANALYZER_NONNULL = YES;
				CLANG_ANALYZER_NUMBER_OBJECT_CONVERSION = YES_AGGRESSIVE;
				CLANG_CXX_LANGUAGE_STANDARD = "gnu++20";
				CLANG_ENABLE_MODULES = YES;
				CLANG_ENABLE_OBJC_ARC = YES;
				CLANG_ENABLE_OBJC_WEAK = YES;
				CLANG_WARN_BLOCK_CAPTURE_AUTORELEASING = YES;
				CLANG_WARN_BOOL_CONVERSION = YES;
				CLANG_WARN_COMMA = YES;
				CLANG_WARN_CONSTANT_CONVERSION = YES;
				CLANG_WARN_DEPRECATED_OBJC_IMPLEMENTATIONS = YES;
				CLANG_WARN_DIRECT_OBJC_ISA_USAGE = YES_ERROR;
				CLANG_WARN_DOCUMENTATION_COMMENTS = YES;
				CLANG_WARN_EMPTY_BODY = YES;
				CLANG_WARN_ENUM_CONVERSION = YES;
				CLANG_WARN_INFINITE_RECURSION = YES;
				CLANG_WARN_INT_CONVERSION = YES;
				CLANG_WARN_NON_LITERAL_NULL_CONVERSION = YES;
				CLANG_WARN_OBJC_IMPLICIT_RETAIN_SELF = YES;
				CLANG_WARN_OBJC_LITERAL_CONVERSION = YES;
				CLANG_WARN_OBJC_ROOT_CLASS = YES_ERROR;
				CLANG_WARN_QUOTED_INCLUDE_IN_FRAMEWORK_HEADER = YES;
				CLANG_WARN_RANGE_LOOP_ANALYSIS = YES;
				CLANG_WARN_STRICT_PROTOTYPES = YES;
				CLANG_WARN_SUSPICIOUS_MOVE = YES;
				CLANG_WARN_UNGUARDED_AVAILABILITY = YES_AGGRESSIVE;
				CLANG_WARN_UNREACHABLE_CODE = YES;
				CLANG_WARN__DUPLICATE_METHOD_MATCH = YES;
				COPY_PHASE_STRIP = NO;
				DEBUG_INFORMATION_FORMAT = dwarf;
				ENABLE_STRICT_OBJC_MSGSEND = YES;
				ENABLE_TESTABILITY = YES;
				GCC_C_LANGUAGE_STANDARD = gnu11;
				GCC_DYNAMIC_NO_PIC = NO;
				GCC_NO_COMMON_BLOCKS = YES;
				GCC_OPTIMIZATION_LEVEL = 0;
				GCC_PREPROCESSOR_DEFINITIONS = (
					"DEBUG=1",
					"$(inherited)",
				);
				GCC_WARN_64_TO_32_BIT_CONVERSION = YES;
				GCC_WARN_ABOUT_RETURN_TYPE = YES_ERROR;
				GCC_WARN_UNDECLARED_SELECTOR = YES;
				GCC_WARN_UNINITIALIZED_AUTOS = YES_AGGRESSIVE;
				GCC_WARN_UNUSED_FUNCTION = YES;
				GCC_WARN_UNUSED_VARIABLE = YES;
				IPHONEOS_DEPLOYMENT_TARGET = 13.0;
				MTL_ENABLE_DEBUG_INFO = INCLUDE_SOURCE;
				MTL_FAST_MATH = YES;
				ONLY_ACTIVE_ARCH = YES;
				SDKROOT = iphoneos;
				SWIFT_ACTIVE_COMPILATION_CONDITIONS = DEBUG;
				SWIFT_OPTIMIZATION_LEVEL = "-Onone";
			};
			name = Debug;
		};
		10B2226A298D188F006DEDDC /* Release */ = {
			isa = XCBuildConfiguration;
			buildSettings = {
				ALWAYS_SEARCH_USER_PATHS = NO;
				CLANG_ANALYZER_NONNULL = YES;
				CLANG_ANALYZER_NUMBER_OBJECT_CONVERSION = YES_AGGRESSIVE;
				CLANG_CXX_LANGUAGE_STANDARD = "gnu++20";
				CLANG_ENABLE_MODULES = YES;
				CLANG_ENABLE_OBJC_ARC = YES;
				CLANG_ENABLE_OBJC_WEAK = YES;
				CLANG_WARN_BLOCK_CAPTURE_AUTORELEASING = YES;
				CLANG_WARN_BOOL_CONVERSION = YES;
				CLANG_WARN_COMMA = YES;
				CLANG_WARN_CONSTANT_CONVERSION = YES;
				CLANG_WARN_DEPRECATED_OBJC_IMPLEMENTATIONS = YES;
				CLANG_WARN_DIRECT_OBJC_ISA_USAGE = YES_ERROR;
				CLANG_WARN_DOCUMENTATION_COMMENTS = YES;
				CLANG_WARN_EMPTY_BODY = YES;
				CLANG_WARN_ENUM_CONVERSION = YES;
				CLANG_WARN_INFINITE_RECURSION = YES;
				CLANG_WARN_INT_CONVERSION = YES;
				CLANG_WARN_NON_LITERAL_NULL_CONVERSION = YES;
				CLANG_WARN_OBJC_IMPLICIT_RETAIN_SELF = YES;
				CLANG_WARN_OBJC_LITERAL_CONVERSION = YES;
				CLANG_WARN_OBJC_ROOT_CLASS = YES_ERROR;
				CLANG_WARN_QUOTED_INCLUDE_IN_FRAMEWORK_HEADER = YES;
				CLANG_WARN_RANGE_LOOP_ANALYSIS = YES;
				CLANG_WARN_STRICT_PROTOTYPES = YES;
				CLANG_WARN_SUSPICIOUS_MOVE = YES;
				CLANG_WARN_UNGUARDED_AVAILABILITY = YES_AGGRESSIVE;
				CLANG_WARN_UNREACHABLE_CODE = YES;
				CLANG_WARN__DUPLICATE_METHOD_MATCH = YES;
				COPY_PHASE_STRIP = NO;
				DEBUG_INFORMATION_FORMAT = "dwarf-with-dsym";
				ENABLE_NS_ASSERTIONS = NO;
				ENABLE_STRICT_OBJC_MSGSEND = YES;
				GCC_C_LANGUAGE_STANDARD = gnu11;
				GCC_NO_COMMON_BLOCKS = YES;
				GCC_WARN_64_TO_32_BIT_CONVERSION = YES;
				GCC_WARN_ABOUT_RETURN_TYPE = YES_ERROR;
				GCC_WARN_UNDECLARED_SELECTOR = YES;
				GCC_WARN_UNINITIALIZED_AUTOS = YES_AGGRESSIVE;
				GCC_WARN_UNUSED_FUNCTION = YES;
				GCC_WARN_UNUSED_VARIABLE = YES;
				IPHONEOS_DEPLOYMENT_TARGET = 13.0;
				MTL_ENABLE_DEBUG_INFO = NO;
				MTL_FAST_MATH = YES;
				SDKROOT = iphoneos;
				SWIFT_COMPILATION_MODE = wholemodule;
				SWIFT_OPTIMIZATION_LEVEL = "-O";
				VALIDATE_PRODUCT = YES;
			};
			name = Release;
		};
		10B2226C298D188F006DEDDC /* Debug */ = {
			isa = XCBuildConfiguration;
			buildSettings = {
				ASSETCATALOG_COMPILER_APPICON_NAME = AppIcon;
				ASSETCATALOG_COMPILER_GLOBAL_ACCENT_COLOR_NAME = AccentColor;
				CODE_SIGN_STYLE = Automatic;
				CURRENT_PROJECT_VERSION = 1;
				GENERATE_INFOPLIST_FILE = YES;
				INFOPLIST_FILE = G4G2/Info.plist;
				INFOPLIST_KEY_UIApplicationSupportsIndirectInputEvents = YES;
				INFOPLIST_KEY_UILaunchStoryboardName = LaunchScreen;
				INFOPLIST_KEY_UISupportedInterfaceOrientations_iPad = "UIInterfaceOrientationPortrait UIInterfaceOrientationPortraitUpsideDown UIInterfaceOrientationLandscapeLeft UIInterfaceOrientationLandscapeRight";
				INFOPLIST_KEY_UISupportedInterfaceOrientations_iPhone = "UIInterfaceOrientationPortrait UIInterfaceOrientationLandscapeLeft UIInterfaceOrientationLandscapeRight";
				IPHONEOS_DEPLOYMENT_TARGET = 13.0;
				LD_RUNPATH_SEARCH_PATHS = (
					"$(inherited)",
					"@executable_path/Frameworks",
				);
				MARKETING_VERSION = 1.0;
				PRODUCT_BUNDLE_IDENTIFIER = Neobis.G4G2;
				PRODUCT_NAME = "$(TARGET_NAME)";
				SWIFT_EMIT_LOC_STRINGS = YES;
				SWIFT_VERSION = 5.0;
				TARGETED_DEVICE_FAMILY = "1,2";
			};
			name = Debug;
		};
		10B2226D298D188F006DEDDC /* Release */ = {
			isa = XCBuildConfiguration;
			buildSettings = {
				ASSETCATALOG_COMPILER_APPICON_NAME = AppIcon;
				ASSETCATALOG_COMPILER_GLOBAL_ACCENT_COLOR_NAME = AccentColor;
				CODE_SIGN_STYLE = Automatic;
				CURRENT_PROJECT_VERSION = 1;
				GENERATE_INFOPLIST_FILE = YES;
				INFOPLIST_FILE = G4G2/Info.plist;
				INFOPLIST_KEY_UIApplicationSupportsIndirectInputEvents = YES;
				INFOPLIST_KEY_UILaunchStoryboardName = LaunchScreen;
				INFOPLIST_KEY_UISupportedInterfaceOrientations_iPad = "UIInterfaceOrientationPortrait UIInterfaceOrientationPortraitUpsideDown UIInterfaceOrientationLandscapeLeft UIInterfaceOrientationLandscapeRight";
				INFOPLIST_KEY_UISupportedInterfaceOrientations_iPhone = "UIInterfaceOrientationPortrait UIInterfaceOrientationLandscapeLeft UIInterfaceOrientationLandscapeRight";
				IPHONEOS_DEPLOYMENT_TARGET = 13.0;
				LD_RUNPATH_SEARCH_PATHS = (
					"$(inherited)",
					"@executable_path/Frameworks",
				);
				MARKETING_VERSION = 1.0;
				PRODUCT_BUNDLE_IDENTIFIER = Neobis.G4G2;
				PRODUCT_NAME = "$(TARGET_NAME)";
				SWIFT_EMIT_LOC_STRINGS = YES;
				SWIFT_VERSION = 5.0;
				TARGETED_DEVICE_FAMILY = "1,2";
			};
			name = Release;
		};
/* End XCBuildConfiguration section */

/* Begin XCConfigurationList section */
		10B22252298D188E006DEDDC /* Build configuration list for PBXProject "G4G2" */ = {
			isa = XCConfigurationList;
			buildConfigurations = (
				10B22269298D188F006DEDDC /* Debug */,
				10B2226A298D188F006DEDDC /* Release */,
			);
			defaultConfigurationIsVisible = 0;
			defaultConfigurationName = Release;
		};
		10B2226B298D188F006DEDDC /* Build configuration list for PBXNativeTarget "G4G2" */ = {
			isa = XCConfigurationList;
			buildConfigurations = (
				10B2226C298D188F006DEDDC /* Debug */,
				10B2226D298D188F006DEDDC /* Release */,
			);
			defaultConfigurationIsVisible = 0;
			defaultConfigurationName = Release;
		};
/* End XCConfigurationList section */

/* Begin XCRemoteSwiftPackageReference section */
		10B2227C298D1DCD006DEDDC /* XCRemoteSwiftPackageReference "SnapKit" */ = {
			isa = XCRemoteSwiftPackageReference;
			repositoryURL = "https://github.com/SnapKit/SnapKit";
			requirement = {
				branch = develop;
				kind = branch;
			};
		};
/* End XCRemoteSwiftPackageReference section */

/* Begin XCSwiftPackageProductDependency section */
		10B2227D298D1DCD006DEDDC /* SnapKit */ = {
			isa = XCSwiftPackageProductDependency;
			package = 10B2227C298D1DCD006DEDDC /* XCRemoteSwiftPackageReference "SnapKit" */;
			productName = SnapKit;
		};
/* End XCSwiftPackageProductDependency section */
	};
	rootObject = 10B2224F298D188E006DEDDC /* Project object */;
}
